
Microsoft Visual Studio Solution File, Format Version 12.00
# Visual Studio Version 17
VisualStudioVersion = 17.5.33530.505
MinimumVisualStudioVersion = 10.0.40219.1
Project("{FAE04EC0-301F-11D3-BF4B-00C04F79EFBC}") = "TicTacToe", "TicTacToe.csproj", "{73AB88A8-4F3E-4A69-9505-E6271F691AE6}"
EndProject
Global
	GlobalSection(SolutionConfigurationPlatforms) = preSolution
		Debug|Any CPU = Debug|Any CPU
		Release|Any CPU = Release|Any CPU
	EndGlobalSection
	GlobalSection(ProjectConfigurationPlatforms) = postSolution
		{73AB88A8-4F3E-4A69-9505-E6271F691AE6}.Debug|Any CPU.ActiveCfg = Debug|Any CPU
		{73AB88A8-4F3E-4A69-9505-E6271F691AE6}.Debug|Any CPU.Build.0 = Debug|Any CPU
		{73AB88A8-4F3E-4A69-9505-E6271F691AE6}.Release|Any CPU.ActiveCfg = Release|Any CPU
		{73AB88A8-4F3E-4A69-9505-E6271F691AE6}.Release|Any CPU.Build.0 = Release|Any CPU
	EndGlobalSection
	GlobalSection(SolutionProperties) = preSolution
		HideSolutionNode = FALSE
	EndGlobalSection
	GlobalSection(ExtensibilityGlobals) = postSolution
		SolutionGuid = {47C117CF-4095-4ED3-9859-FBA05371E4E2}
	EndGlobalSection
EndGlobal
